
Microsoft Visual Studio Solution File, Format Version 11.00
# Visual Studio 2010
Project("{8BC9CEB8-8B4A-11D0-8D11-00A0C91BC942}") = "libdisasm", "libdisasm.vcxproj", "{371D8E73-20C6-AB5A-3A95-80A0C062F715}"
EndProject
Global
	GlobalSection(SolutionConfigurationPlatforms) = preSolution
		Debug|Win32 = Debug|Win32
		Release|Win32 = Release|Win32
	EndGlobalSection
	GlobalSection(ProjectConfigurationPlatforms) = postSolution
		{371D8E73-20C6-AB5A-3A95-80A0C062F715}.Debug|Win32.ActiveCfg = Debug|Win32
		{371D8E73-20C6-AB5A-3A95-80A0C062F715}.Debug|Win32.Build.0 = Debug|Win32
		{371D8E73-20C6-AB5A-3A95-80A0C062F715}.Release|Win32.ActiveCfg = Release|Win32
		{371D8E73-20C6-AB5A-3A95-80A0C062F715}.Release|Win32.Build.0 = Release|Win32
	EndGlobalSection
	GlobalSection(SolutionProperties) = preSolution
		HideSolutionNode = FALSE
	EndGlobalSection
EndGlobal
