
Microsoft Visual Studio Solution File, Format Version 11.00
# Visual Studio 2010
Project("{8BC9CEB8-8B4A-11D0-8D11-00A0C91BC942}") = "lua514", "lua514.vcxproj", "{486FC6F4-CF64-4E58-F637-96D552D8C3B9}"
EndProject
Global
	GlobalSection(SolutionConfigurationPlatforms) = preSolution
		Debug|Win32 = Debug|Win32
		Release|Win32 = Release|Win32
	EndGlobalSection
	GlobalSection(ProjectConfigurationPlatforms) = postSolution
		{486FC6F4-CF64-4E58-F637-96D552D8C3B9}.Debug|Win32.ActiveCfg = Debug|Win32
		{486FC6F4-CF64-4E58-F637-96D552D8C3B9}.Debug|Win32.Build.0 = Debug|Win32
		{486FC6F4-CF64-4E58-F637-96D552D8C3B9}.Release|Win32.ActiveCfg = Release|Win32
		{486FC6F4-CF64-4E58-F637-96D552D8C3B9}.Release|Win32.Build.0 = Release|Win32
	EndGlobalSection
	GlobalSection(SolutionProperties) = preSolution
		HideSolutionNode = FALSE
	EndGlobalSection
EndGlobal
